// !$*UTF8*$!
{
	archiveVersion = 1;
	classes = {
	};
	objectVersion = 46;
	objects = {

/* Begin PBXBuildFile section */
		940409D21E1CF3E000FE53A1 /* AppDelegate.swift in Sources */ = {isa = PBXBuildFile; fileRef = 940409D11E1CF3E000FE53A1 /* AppDelegate.swift */; };
		940409D41E1CF3E000FE53A1 /* FeedbackTableViewController.swift in Sources */ = {isa = PBXBuildFile; fileRef = 940409D31E1CF3E000FE53A1 /* FeedbackTableViewController.swift */; };
		940409D71E1CF3E000FE53A1 /* Main.storyboard in Resources */ = {isa = PBXBuildFile; fileRef = 940409D51E1CF3E000FE53A1 /* Main.storyboard */; };
		940409D91E1CF3E000FE53A1 /* Assets.xcassets in Resources */ = {isa = PBXBuildFile; fileRef = 940409D81E1CF3E000FE53A1 /* Assets.xcassets */; };
		940409DC1E1CF3E000FE53A1 /* LaunchScreen.storyboard in Resources */ = {isa = PBXBuildFile; fileRef = 940409DA1E1CF3E000FE53A1 /* LaunchScreen.storyboard */; };
		940409E41E1CF6DB00FE53A1 /* FeedbackViewModel.swift in Sources */ = {isa = PBXBuildFile; fileRef = 940409E31E1CF6DB00FE53A1 /* FeedbackViewModel.swift */; };
		940409E71E1CF9A800FE53A1 /* RateUsViewController.swift in Sources */ = {isa = PBXBuildFile; fileRef = 940409E61E1CF9A800FE53A1 /* RateUsViewController.swift */; };
		940409E91E1CF9D700FE53A1 /* RateUs.storyboard in Resources */ = {isa = PBXBuildFile; fileRef = 940409E81E1CF9D700FE53A1 /* RateUs.storyboard */; };
		940409FA1E1DDCEC00FE53A1 /* ShortSurveyViewController.swift in Sources */ = {isa = PBXBuildFile; fileRef = 940409F91E1DDCEC00FE53A1 /* ShortSurveyViewController.swift */; };
		940409FC1E1DDCF800FE53A1 /* ShortSurvey.storyboard in Resources */ = {isa = PBXBuildFile; fileRef = 940409FB1E1DDCF800FE53A1 /* ShortSurvey.storyboard */; };
		940409FE1E1DEB0E00FE53A1 /* ShortSurveyDetailTableViewController.swift in Sources */ = {isa = PBXBuildFile; fileRef = 940409FD1E1DEB0E00FE53A1 /* ShortSurveyDetailTableViewController.swift */; };
/* End PBXBuildFile section */

/* Begin PBXFileReference section */
		940409CE1E1CF3E000FE53A1 /* iOSFeedbackExamples.app */ = {isa = PBXFileReference; explicitFileType = wrapper.application; includeInIndex = 0; path = iOSFeedbackExamples.app; sourceTree = BUILT_PRODUCTS_DIR; };
		940409D11E1CF3E000FE53A1 /* AppDelegate.swift */ = {isa = PBXFileReference; lastKnownFileType = sourcecode.swift; path = AppDelegate.swift; sourceTree = "<group>"; };
		940409D31E1CF3E000FE53A1 /* FeedbackTableViewController.swift */ = {isa = PBXFileReference; lastKnownFileType = sourcecode.swift; path = FeedbackTableViewController.swift; sourceTree = "<group>"; };
		940409D61E1CF3E000FE53A1 /* Base */ = {isa = PBXFileReference; lastKnownFileType = file.storyboard; name = Base; path = Base.lproj/Main.storyboard; sourceTree = "<group>"; };
		940409D81E1CF3E000FE53A1 /* Assets.xcassets */ = {isa = PBXFileReference; lastKnownFileType = folder.assetcatalog; path = Assets.xcassets; sourceTree = "<group>"; };
		940409DB1E1CF3E000FE53A1 /* Base */ = {isa = PBXFileReference; lastKnownFileType = file.storyboard; name = Base; path = Base.lproj/LaunchScreen.storyboard; sourceTree = "<group>"; };
		940409DD1E1CF3E000FE53A1 /* Info.plist */ = {isa = PBXFileReference; lastKnownFileType = text.plist.xml; path = Info.plist; sourceTree = "<group>"; };
		940409E31E1CF6DB00FE53A1 /* FeedbackViewModel.swift */ = {isa = PBXFileReference; fileEncoding = 4; lastKnownFileType = sourcecode.swift; path = FeedbackViewModel.swift; sourceTree = "<group>"; };
		940409E61E1CF9A800FE53A1 /* RateUsViewController.swift */ = {isa = PBXFileReference; fileEncoding = 4; lastKnownFileType = sourcecode.swift; path = RateUsViewController.swift; sourceTree = "<group>"; };
		940409E81E1CF9D700FE53A1 /* RateUs.storyboard */ = {isa = PBXFileReference; fileEncoding = 4; lastKnownFileType = file.storyboard; path = RateUs.storyboard; sourceTree = "<group>"; };
		940409F91E1DDCEC00FE53A1 /* ShortSurveyViewController.swift */ = {isa = PBXFileReference; fileEncoding = 4; lastKnownFileType = sourcecode.swift; path = ShortSurveyViewController.swift; sourceTree = "<group>"; };
		940409FB1E1DDCF800FE53A1 /* ShortSurvey.storyboard */ = {isa = PBXFileReference; fileEncoding = 4; lastKnownFileType = file.storyboard; path = ShortSurvey.storyboard; sourceTree = "<group>"; };
		940409FD1E1DEB0E00FE53A1 /* ShortSurveyDetailTableViewController.swift */ = {isa = PBXFileReference; fileEncoding = 4; lastKnownFileType = sourcecode.swift; path = ShortSurveyDetailTableViewController.swift; sourceTree = "<group>"; };
/* End PBXFileReference section */

/* Begin PBXFrameworksBuildPhase section */
		940409CB1E1CF3DF00FE53A1 /* Frameworks */ = {
			isa = PBXFrameworksBuildPhase;
			buildActionMask = 2147483647;
			files = (
			);
			runOnlyForDeploymentPostprocessing = 0;
		};
/* End PBXFrameworksBuildPhase section */

/* Begin PBXGroup section */
		940409C51E1CF3DF00FE53A1 = {
			isa = PBXGroup;
			children = (
				940409D01E1CF3E000FE53A1 /* iOSFeedbackExamples */,
				940409CF1E1CF3E000FE53A1 /* Products */,
			);
			sourceTree = "<group>";
		};
		940409CF1E1CF3E000FE53A1 /* Products */ = {
			isa = PBXGroup;
			children = (
				940409CE1E1CF3E000FE53A1 /* iOSFeedbackExamples.app */,
			);
			name = Products;
			sourceTree = "<group>";
		};
		940409D01E1CF3E000FE53A1 /* iOSFeedbackExamples */ = {
			isa = PBXGroup;
			children = (
				940409D11E1CF3E000FE53A1 /* AppDelegate.swift */,
				940409D51E1CF3E000FE53A1 /* Main.storyboard */,
				940409D31E1CF3E000FE53A1 /* FeedbackTableViewController.swift */,
				940409E31E1CF6DB00FE53A1 /* FeedbackViewModel.swift */,
				940409E51E1CF92A00FE53A1 /* Rate Us */,
				940409EC1E1DD94500FE53A1 /* Negative */,
				940409EB1E1DD91600FE53A1 /* Reward */,
				940409F11E1DD9D700FE53A1 /* Short Survey */,
				940409F21E1DD9EF00FE53A1 /* Long Survey */,
				940409EA1E1DD8FA00FE53A1 /* Floating Button */,
				940409ED1E1DD96200FE53A1 /* QRCode */,
				940409F81E1DDA7600FE53A1 /* Shake to Feedback */,
				940409F71E1DDA6900FE53A1 /* Friendly Crash */,
				940409F61E1DDA5A00FE53A1 /* NPS */,
				940409F51E1DDA4A00FE53A1 /* Instant Message */,
				940409F41E1DDA1700FE53A1 /* Contact Us */,
				940409F31E1DD9FD00FE53A1 /* Voice */,
				940409F01E1DD9BD00FE53A1 /* General */,
				940409EF1E1DD9B000FE53A1 /* FAQ */,
				940409EE1E1DD96900FE53A1 /* Social Share */,
				940409D81E1CF3E000FE53A1 /* Assets.xcassets */,
				940409DA1E1CF3E000FE53A1 /* LaunchScreen.storyboard */,
				940409DD1E1CF3E000FE53A1 /* Info.plist */,
			);
			path = iOSFeedbackExamples;
			sourceTree = "<group>";
		};
		940409E51E1CF92A00FE53A1 /* Rate Us */ = {
			isa = PBXGroup;
			children = (
				940409E61E1CF9A800FE53A1 /* RateUsViewController.swift */,
				940409E81E1CF9D700FE53A1 /* RateUs.storyboard */,
			);
			name = "Rate Us";
			sourceTree = "<group>";
		};
		940409EA1E1DD8FA00FE53A1 /* Floating Button */ = {
			isa = PBXGroup;
			children = (
			);
			name = "Floating Button";
			sourceTree = "<group>";
		};
		940409EB1E1DD91600FE53A1 /* Reward */ = {
			isa = PBXGroup;
			children = (
			);
			name = Reward;
			sourceTree = "<group>";
		};
		940409EC1E1DD94500FE53A1 /* Negative */ = {
			isa = PBXGroup;
			children = (
			);
			name = Negative;
			sourceTree = "<group>";
		};
		940409ED1E1DD96200FE53A1 /* QRCode */ = {
			isa = PBXGroup;
			children = (
			);
			name = QRCode;
			sourceTree = "<group>";
		};
		940409EE1E1DD96900FE53A1 /* Social Share */ = {
			isa = PBXGroup;
			children = (
			);
			name = "Social Share";
			sourceTree = "<group>";
		};
		940409EF1E1DD9B000FE53A1 /* FAQ */ = {
			isa = PBXGroup;
			children = (
			);
			name = FAQ;
			sourceTree = "<group>";
		};
		940409F01E1DD9BD00FE53A1 /* General */ = {
			isa = PBXGroup;
			children = (
			);
			name = General;
			sourceTree = "<group>";
		};
		940409F11E1DD9D700FE53A1 /* Short Survey */ = {
			isa = PBXGroup;
			children = (
				940409F91E1DDCEC00FE53A1 /* ShortSurveyViewController.swift */,
				940409FD1E1DEB0E00FE53A1 /* ShortSurveyDetailTableViewController.swift */,
				940409FB1E1DDCF800FE53A1 /* ShortSurvey.storyboard */,
			);
			name = "Short Survey";
			sourceTree = "<group>";
		};
		940409F21E1DD9EF00FE53A1 /* Long Survey */ = {
			isa = PBXGroup;
			children = (
			);
			name = "Long Survey";
			sourceTree = "<group>";
		};
		940409F31E1DD9FD00FE53A1 /* Voice */ = {
			isa = PBXGroup;
			children = (
			);
			name = Voice;
			sourceTree = "<group>";
		};
		940409F41E1DDA1700FE53A1 /* Contact Us */ = {
			isa = PBXGroup;
			children = (
			);
			name = "Contact Us";
			sourceTree = "<group>";
		};
		940409F51E1DDA4A00FE53A1 /* Instant Message */ = {
			isa = PBXGroup;
			children = (
			);
			name = "Instant Message";
			sourceTree = "<group>";
		};
		940409F61E1DDA5A00FE53A1 /* NPS */ = {
			isa = PBXGroup;
			children = (
			);
			name = NPS;
			sourceTree = "<group>";
		};
		940409F71E1DDA6900FE53A1 /* Friendly Crash */ = {
			isa = PBXGroup;
			children = (
			);
			name = "Friendly Crash";
			sourceTree = "<group>";
		};
		940409F81E1DDA7600FE53A1 /* Shake to Feedback */ = {
			isa = PBXGroup;
			children = (
			);
			name = "Shake to Feedback";
			sourceTree = "<group>";
		};
/* End PBXGroup section */

/* Begin PBXNativeTarget section */
		940409CD1E1CF3DF00FE53A1 /* iOSFeedbackExamples */ = {
			isa = PBXNativeTarget;
			buildConfigurationList = 940409E01E1CF3E000FE53A1 /* Build configuration list for PBXNativeTarget "iOSFeedbackExamples" */;
			buildPhases = (
				940409CA1E1CF3DF00FE53A1 /* Sources */,
				940409CB1E1CF3DF00FE53A1 /* Frameworks */,
				940409CC1E1CF3DF00FE53A1 /* Resources */,
			);
			buildRules = (
			);
			dependencies = (
			);
			name = iOSFeedbackExamples;
			productName = iOSFeedbackExamples;
			productReference = 940409CE1E1CF3E000FE53A1 /* iOSFeedbackExamples.app */;
			productType = "com.apple.product-type.application";
		};
/* End PBXNativeTarget section */

/* Begin PBXProject section */
		940409C61E1CF3DF00FE53A1 /* Project object */ = {
			isa = PBXProject;
			attributes = {
				LastSwiftUpdateCheck = 0810;
				LastUpgradeCheck = 0810;
				ORGANIZATIONNAME = "Jianing Zheng";
				TargetAttributes = {
					940409CD1E1CF3DF00FE53A1 = {
						CreatedOnToolsVersion = 8.1;
						ProvisioningStyle = Automatic;
					};
				};
			};
			buildConfigurationList = 940409C91E1CF3DF00FE53A1 /* Build configuration list for PBXProject "iOSFeedbackExamples" */;
			compatibilityVersion = "Xcode 3.2";
			developmentRegion = English;
			hasScannedForEncodings = 0;
			knownRegions = (
				en,
				Base,
			);
			mainGroup = 940409C51E1CF3DF00FE53A1;
			productRefGroup = 940409CF1E1CF3E000FE53A1 /* Products */;
			projectDirPath = "";
			projectRoot = "";
			targets = (
				940409CD1E1CF3DF00FE53A1 /* iOSFeedbackExamples */,
			);
		};
/* End PBXProject section */

/* Begin PBXResourcesBuildPhase section */
		940409CC1E1CF3DF00FE53A1 /* Resources */ = {
			isa = PBXResourcesBuildPhase;
			buildActionMask = 2147483647;
			files = (
				940409DC1E1CF3E000FE53A1 /* LaunchScreen.storyboard in Resources */,
				940409D91E1CF3E000FE53A1 /* Assets.xcassets in Resources */,
				940409D71E1CF3E000FE53A1 /* Main.storyboard in Resources */,
				940409E91E1CF9D700FE53A1 /* RateUs.storyboard in Resources */,
				940409FC1E1DDCF800FE53A1 /* ShortSurvey.storyboard in Resources */,
			);
			runOnlyForDeploymentPostprocessing = 0;
		};
/* End PBXResourcesBuildPhase section */

/* Begin PBXSourcesBuildPhase section */
		940409CA1E1CF3DF00FE53A1 /* Sources */ = {
			isa = PBXSourcesBuildPhase;
			buildActionMask = 2147483647;
			files = (
				940409FA1E1DDCEC00FE53A1 /* ShortSurveyViewController.swift in Sources */,
				940409FE1E1DEB0E00FE53A1 /* ShortSurveyDetailTableViewController.swift in Sources */,
				940409E71E1CF9A800FE53A1 /* RateUsViewController.swift in Sources */,
				940409D41E1CF3E000FE53A1 /* FeedbackTableViewController.swift in Sources */,
				940409D21E1CF3E000FE53A1 /* AppDelegate.swift in Sources */,
				940409E41E1CF6DB00FE53A1 /* FeedbackViewModel.swift in Sources */,
			);
			runOnlyForDeploymentPostprocessing = 0;
		};
/* End PBXSourcesBuildPhase section */

/* Begin PBXVariantGroup section */
		940409D51E1CF3E000FE53A1 /* Main.storyboard */ = {
			isa = PBXVariantGroup;
			children = (
				940409D61E1CF3E000FE53A1 /* Base */,
			);
			name = Main.storyboard;
			sourceTree = "<group>";
		};
		940409DA1E1CF3E000FE53A1 /* LaunchScreen.storyboard */ = {
			isa = PBXVariantGroup;
			children = (
				940409DB1E1CF3E000FE53A1 /* Base */,
			);
			name = LaunchScreen.storyboard;
			sourceTree = "<group>";
		};
/* End PBXVariantGroup section */

/* Begin XCBuildConfiguration section */
		940409DE1E1CF3E000FE53A1 /* Debug */ = {
			isa = XCBuildConfiguration;
			buildSettings = {
				ALWAYS_SEARCH_USER_PATHS = NO;
				CLANG_ANALYZER_NONNULL = YES;
				CLANG_CXX_LANGUAGE_STANDARD = "gnu++0x";
				CLANG_CXX_LIBRARY = "libc++";
				CLANG_ENABLE_MODULES = YES;
				CLANG_ENABLE_OBJC_ARC = YES;
				CLANG_WARN_BOOL_CONVERSION = YES;
				CLANG_WARN_CONSTANT_CONVERSION = YES;
				CLANG_WARN_DIRECT_OBJC_ISA_USAGE = YES_ERROR;
				CLANG_WARN_DOCUMENTATION_COMMENTS = YES;
				CLANG_WARN_EMPTY_BODY = YES;
				CLANG_WARN_ENUM_CONVERSION = YES;
				CLANG_WARN_INFINITE_RECURSION = YES;
				CLANG_WARN_INT_CONVERSION = YES;
				CLANG_WARN_OBJC_ROOT_CLASS = YES_ERROR;
				CLANG_WARN_SUSPICIOUS_MOVES = YES;
				CLANG_WARN_UNREACHABLE_CODE = YES;
				CLANG_WARN__DUPLICATE_METHOD_MATCH = YES;
				"CODE_SIGN_IDENTITY[sdk=iphoneos*]" = "iPhone Developer";
				COPY_PHASE_STRIP = NO;
				DEBUG_INFORMATION_FORMAT = dwarf;
				ENABLE_STRICT_OBJC_MSGSEND = YES;
				ENABLE_TESTABILITY = YES;
				GCC_C_LANGUAGE_STANDARD = gnu99;
				GCC_DYNAMIC_NO_PIC = NO;
				GCC_NO_COMMON_BLOCKS = YES;
				GCC_OPTIMIZATION_LEVEL = 0;
				GCC_PREPROCESSOR_DEFINITIONS = (
					"DEBUG=1",
					"$(inherited)",
				);
				GCC_WARN_64_TO_32_BIT_CONVERSION = YES;
				GCC_WARN_ABOUT_RETURN_TYPE = YES_ERROR;
				GCC_WARN_UNDECLARED_SELECTOR = YES;
				GCC_WARN_UNINITIALIZED_AUTOS = YES_AGGRESSIVE;
				GCC_WARN_UNUSED_FUNCTION = YES;
				GCC_WARN_UNUSED_VARIABLE = YES;
				IPHONEOS_DEPLOYMENT_TARGET = 10.1;
				MTL_ENABLE_DEBUG_INFO = YES;
				ONLY_ACTIVE_ARCH = YES;
				SDKROOT = iphoneos;
				SWIFT_ACTIVE_COMPILATION_CONDITIONS = DEBUG;
				SWIFT_OPTIMIZATION_LEVEL = "-Onone";
				TARGETED_DEVICE_FAMILY = "1,2";
			};
			name = Debug;
		};
		940409DF1E1CF3E000FE53A1 /* Release */ = {
			isa = XCBuildConfiguration;
			buildSettings = {
				ALWAYS_SEARCH_USER_PATHS = NO;
				CLANG_ANALYZER_NONNULL = YES;
				CLANG_CXX_LANGUAGE_STANDARD = "gnu++0x";
				CLANG_CXX_LIBRARY = "libc++";
				CLANG_ENABLE_MODULES = YES;
				CLANG_ENABLE_OBJC_ARC = YES;
				CLANG_WARN_BOOL_CONVERSION = YES;
				CLANG_WARN_CONSTANT_CONVERSION = YES;
				CLANG_WARN_DIRECT_OBJC_ISA_USAGE = YES_ERROR;
				CLANG_WARN_DOCUMENTATION_COMMENTS = YES;
				CLANG_WARN_EMPTY_BODY = YES;
				CLANG_WARN_ENUM_CONVERSION = YES;
				CLANG_WARN_INFINITE_RECURSION = YES;
				CLANG_WARN_INT_CONVERSION = YES;
				CLANG_WARN_OBJC_ROOT_CLASS = YES_ERROR;
				CLANG_WARN_SUSPICIOUS_MOVES = YES;
				CLANG_WARN_UNREACHABLE_CODE = YES;
				CLANG_WARN__DUPLICATE_METHOD_MATCH = YES;
				"CODE_SIGN_IDENTITY[sdk=iphoneos*]" = "iPhone Developer";
				COPY_PHASE_STRIP = NO;
				DEBUG_INFORMATION_FORMAT = "dwarf-with-dsym";
				ENABLE_NS_ASSERTIONS = NO;
				ENABLE_STRICT_OBJC_MSGSEND = YES;
				GCC_C_LANGUAGE_STANDARD = gnu99;
				GCC_NO_COMMON_BLOCKS = YES;
				GCC_WARN_64_TO_32_BIT_CONVERSION = YES;
				GCC_WARN_ABOUT_RETURN_TYPE = YES_ERROR;
				GCC_WARN_UNDECLARED_SELECTOR = YES;
				GCC_WARN_UNINITIALIZED_AUTOS = YES_AGGRESSIVE;
				GCC_WARN_UNUSED_FUNCTION = YES;
				GCC_WARN_UNUSED_VARIABLE = YES;
				IPHONEOS_DEPLOYMENT_TARGET = 10.1;
				MTL_ENABLE_DEBUG_INFO = NO;
				SDKROOT = iphoneos;
				SWIFT_OPTIMIZATION_LEVEL = "-Owholemodule";
				TARGETED_DEVICE_FAMILY = "1,2";
				VALIDATE_PRODUCT = YES;
			};
			name = Release;
		};
		940409E11E1CF3E000FE53A1 /* Debug */ = {
			isa = XCBuildConfiguration;
			buildSettings = {
				ASSETCATALOG_COMPILER_APPICON_NAME = AppIcon;
				INFOPLIST_FILE = iOSFeedbackExamples/Info.plist;
				LD_RUNPATH_SEARCH_PATHS = "$(inherited) @executable_path/Frameworks";
				PRODUCT_BUNDLE_IDENTIFIER = tw.jnzheng.iOSFeedbackExamples;
				PRODUCT_NAME = "$(TARGET_NAME)";
				SWIFT_VERSION = 3.0;
			};
			name = Debug;
		};
		940409E21E1CF3E000FE53A1 /* Release */ = {
			isa = XCBuildConfiguration;
			buildSettings = {
				ASSETCATALOG_COMPILER_APPICON_NAME = AppIcon;
				INFOPLIST_FILE = iOSFeedbackExamples/Info.plist;
				LD_RUNPATH_SEARCH_PATHS = "$(inherited) @executable_path/Frameworks";
				PRODUCT_BUNDLE_IDENTIFIER = tw.jnzheng.iOSFeedbackExamples;
				PRODUCT_NAME = "$(TARGET_NAME)";
				SWIFT_VERSION = 3.0;
			};
			name = Release;
		};
/* End XCBuildConfiguration section */

/* Begin XCConfigurationList section */
		940409C91E1CF3DF00FE53A1 /* Build configuration list for PBXProject "iOSFeedbackExamples" */ = {
			isa = XCConfigurationList;
			buildConfigurations = (
				940409DE1E1CF3E000FE53A1 /* Debug */,
				940409DF1E1CF3E000FE53A1 /* Release */,
			);
			defaultConfigurationIsVisible = 0;
			defaultConfigurationName = Release;
		};
		940409E01E1CF3E000FE53A1 /* Build configuration list for PBXNativeTarget "iOSFeedbackExamples" */ = {
			isa = XCConfigurationList;
			buildConfigurations = (
				940409E11E1CF3E000FE53A1 /* Debug */,
				940409E21E1CF3E000FE53A1 /* Release */,
			);
			defaultConfigurationIsVisible = 0;
		};
/* End XCConfigurationList section */
	};
	rootObject = 940409C61E1CF3DF00FE53A1 /* Project object */;
}
